
Microsoft Visual Studio Solution File, Format Version 12.00
# Visual Studio Version 17
VisualStudioVersion = 17.0.31903.59
MinimumVisualStudioVersion = 10.0.40219.1
Project("{FAE04EC0-301F-11D3-BF4B-00C04F79EFBC}") = "Tests", "Tests\Tests.csproj", "{3E8150BE-1D74-495F-AED1-89908EB66E61}"
EndProject
Project("{FAE04EC0-301F-11D3-BF4B-00C04F79EFBC}") = "Nova_pasta", "Project\Nova_pasta.csproj", "{B7751385-30BE-41C4-92D7-01D23D066223}"
EndProject
Global
	GlobalSection(SolutionConfigurationPlatforms) = preSolution
		Debug|Any CPU = Debug|Any CPU
		Release|Any CPU = Release|Any CPU
	EndGlobalSection
	GlobalSection(SolutionProperties) = preSolution
		HideSolutionNode = FALSE
	EndGlobalSection
	GlobalSection(ProjectConfigurationPlatforms) = postSolution
		{3E8150BE-1D74-495F-AED1-89908EB66E61}.Debug|Any CPU.ActiveCfg = Debug|Any CPU
		{3E8150BE-1D74-495F-AED1-89908EB66E61}.Debug|Any CPU.Build.0 = Debug|Any CPU
		{3E8150BE-1D74-495F-AED1-89908EB66E61}.Release|Any CPU.ActiveCfg = Release|Any CPU
		{3E8150BE-1D74-495F-AED1-89908EB66E61}.Release|Any CPU.Build.0 = Release|Any CPU
		{B7751385-30BE-41C4-92D7-01D23D066223}.Debug|Any CPU.ActiveCfg = Debug|Any CPU
		{B7751385-30BE-41C4-92D7-01D23D066223}.Debug|Any CPU.Build.0 = Debug|Any CPU
		{B7751385-30BE-41C4-92D7-01D23D066223}.Release|Any CPU.ActiveCfg = Release|Any CPU
		{B7751385-30BE-41C4-92D7-01D23D066223}.Release|Any CPU.Build.0 = Release|Any CPU
	EndGlobalSection
EndGlobal
